
Microsoft Visual Studio Solution File, Format Version 12.00
# Visual Studio Version 17
VisualStudioVersion = 17.1.32407.343
MinimumVisualStudioVersion = 10.0.40219.1
Project("{FAE04EC0-301F-11D3-BF4B-00C04F79EFBC}") = "RecipeAPI", "RecipeAPI\RecipeAPI.csproj", "{34632050-CD17-45F3-B6A5-3C9D8E933314}"
EndProject
Global
	GlobalSection(SolutionConfigurationPlatforms) = preSolution
		Debug|Any CPU = Debug|Any CPU
		Release|Any CPU = Release|Any CPU
	EndGlobalSection
	GlobalSection(ProjectConfigurationPlatforms) = postSolution
		{34632050-CD17-45F3-B6A5-3C9D8E933314}.Debug|Any CPU.ActiveCfg = Debug|Any CPU
		{34632050-CD17-45F3-B6A5-3C9D8E933314}.Debug|Any CPU.Build.0 = Debug|Any CPU
		{34632050-CD17-45F3-B6A5-3C9D8E933314}.Release|Any CPU.ActiveCfg = Release|Any CPU
		{34632050-CD17-45F3-B6A5-3C9D8E933314}.Release|Any CPU.Build.0 = Release|Any CPU
	EndGlobalSection
	GlobalSection(SolutionProperties) = preSolution
		HideSolutionNode = FALSE
	EndGlobalSection
	GlobalSection(ExtensibilityGlobals) = postSolution
		SolutionGuid = {3749D784-B5B3-451F-8824-E3518DEC8C4A}
	EndGlobalSection
EndGlobal
